
Microsoft Visual Studio Solution File, Format Version 12.00
# Visual Studio 15
VisualStudioVersion = 15.0.28307.168
MinimumVisualStudioVersion = 10.0.40219.1
Project("{2150E333-8FDC-42A3-9474-1A3956D46DE8}") = "API", "API", "{2394794E-4FCA-45E8-B725-B9E4C7661397}"
EndProject
Project("{2150E333-8FDC-42A3-9474-1A3956D46DE8}") = "ESunny", "ESunny", "{D8F3F5C3-CCCB-4C4A-8456-874F62DDFBBC}"
EndProject
Project("{8BC9CEB8-8B4A-11D0-8D11-00A0C91BC942}") = "ESunnyDomesticQuoteCppWrapper", "API\ESunny\DomesticQuote\ESunnyDomesticQuoteCppWrapper.vcxproj", "{287769B8-C2CD-4388-B616-BFEE1A81ABC2}"
EndProject
Project("{FAE04EC0-301F-11D3-BF4B-00C04F79EFBC}") = "ESunnyDomesticQuoteWrapper", "API\ESunny\DomesticQuote\ESunnyDomesticQuoteWrapper.csproj", "{FC39322E-A304-4235-AFCE-59305CE2683A}"
	ProjectSection(ProjectDependencies) = postProject
		{287769B8-C2CD-4388-B616-BFEE1A81ABC2} = {287769B8-C2CD-4388-B616-BFEE1A81ABC2}
	EndProjectSection
EndProject
Project("{8BC9CEB8-8B4A-11D0-8D11-00A0C91BC942}") = "ESunnyDomesticTradeCppWrapper", "API\ESunny\DomesticTrade\ESunnyDomesticTradeCppWrapper.vcxproj", "{FBF531E0-6FA5-40DF-8FE8-C220834C5EE9}"
EndProject
Project("{FAE04EC0-301F-11D3-BF4B-00C04F79EFBC}") = "ESunnyDomesticTradeWrapper", "API\ESunny\DomesticTrade\ESunnyDomesticTradeWrapper.csproj", "{5AF79845-2174-4C7B-86FD-BC819CC0875D}"
	ProjectSection(ProjectDependencies) = postProject
		{FBF531E0-6FA5-40DF-8FE8-C220834C5EE9} = {FBF531E0-6FA5-40DF-8FE8-C220834C5EE9}
	EndProjectSection
EndProject
Project("{8BC9CEB8-8B4A-11D0-8D11-00A0C91BC942}") = "ESunnyGlobalQuoteCppWrapper", "API\ESunny\GlobalQuote\ESunnyGlobalQuoteCppWrapper.vcxproj", "{3560616F-6B0E-4162-B289-B9D548BAF8BD}"
EndProject
Project("{FAE04EC0-301F-11D3-BF4B-00C04F79EFBC}") = "ESunnyGlobalQuoteWrapper", "API\ESunny\GlobalQuote\ESunnyGlobalQuoteWrapper.csproj", "{B80087C8-584F-4E4F-BB16-8806EE220661}"
	ProjectSection(ProjectDependencies) = postProject
		{3560616F-6B0E-4162-B289-B9D548BAF8BD} = {3560616F-6B0E-4162-B289-B9D548BAF8BD}
	EndProjectSection
EndProject
Project("{8BC9CEB8-8B4A-11D0-8D11-00A0C91BC942}") = "ESunnyGlobalTradeCppWrapper", "API\ESunny\GlobalTrade\ESunnyGlobalTradeCppWrapper.vcxproj", "{64333929-2CCC-4AA8-B359-9F783CD600F3}"
EndProject
Project("{FAE04EC0-301F-11D3-BF4B-00C04F79EFBC}") = "ESunnyGlobalTradeWrapper", "API\ESunny\GlobalTrade\ESunnyGlobalTradeWrapper.csproj", "{0718C33B-F474-415A-BFCF-BBF00FE27696}"
	ProjectSection(ProjectDependencies) = postProject
		{64333929-2CCC-4AA8-B359-9F783CD600F3} = {64333929-2CCC-4AA8-B359-9F783CD600F3}
	EndProjectSection
EndProject
Project("{2150E333-8FDC-42A3-9474-1A3956D46DE8}") = "CTP", "CTP", "{3285D28C-0047-48EC-9B64-1397E244052A}"
EndProject
Project("{8BC9CEB8-8B4A-11D0-8D11-00A0C91BC942}") = "CtpFutureCppWrapper", "API\CTP\Future\CtpFutureCppWrapper.vcxproj", "{2E76E82F-4E54-4000-BFAA-A698FDDDDA4C}"
EndProject
Project("{FAE04EC0-301F-11D3-BF4B-00C04F79EFBC}") = "CtpFutureWrapper", "API\CTP\Future\CtpFutureWrapper.csproj", "{AC80217C-E7AF-4551-8625-7FE9E2B89FD7}"
EndProject
Project("{8BC9CEB8-8B4A-11D0-8D11-00A0C91BC942}") = "CtpStockCppWrapper", "API\CTP\Stock\CtpStockCppWrapper.vcxproj", "{07672110-0AC7-40DD-A6E5-CA1C4485D2BF}"
EndProject
Project("{FAE04EC0-301F-11D3-BF4B-00C04F79EFBC}") = "CtpStockWrapper", "API\CTP\Stock\CtpStockWrapper.csproj", "{339412A4-14FC-4FC8-96C6-4C8E0312C6DE}"
	ProjectSection(ProjectDependencies) = postProject
		{07672110-0AC7-40DD-A6E5-CA1C4485D2BF} = {07672110-0AC7-40DD-A6E5-CA1C4485D2BF}
	EndProjectSection
EndProject
Project("{2150E333-8FDC-42A3-9474-1A3956D46DE8}") = "Apps", "Apps", "{BA5BB9A7-E350-460E-8CE8-976BAD302C74}"
EndProject
Project("{FAE04EC0-301F-11D3-BF4B-00C04F79EFBC}") = "TradingAddin", "Apps\TradingAddin\TradingAddin.csproj", "{DBA8B029-94F2-4FEF-A755-ADE7B3CD7797}"
	ProjectSection(ProjectDependencies) = postProject
		{FC39322E-A304-4235-AFCE-59305CE2683A} = {FC39322E-A304-4235-AFCE-59305CE2683A}
		{0718C33B-F474-415A-BFCF-BBF00FE27696} = {0718C33B-F474-415A-BFCF-BBF00FE27696}
		{5AF79845-2174-4C7B-86FD-BC819CC0875D} = {5AF79845-2174-4C7B-86FD-BC819CC0875D}
		{9814734F-A96C-4F94-A7D1-FA9DEF94A7DB} = {9814734F-A96C-4F94-A7D1-FA9DEF94A7DB}
		{339412A4-14FC-4FC8-96C6-4C8E0312C6DE} = {339412A4-14FC-4FC8-96C6-4C8E0312C6DE}
		{B80087C8-584F-4E4F-BB16-8806EE220661} = {B80087C8-584F-4E4F-BB16-8806EE220661}
	EndProjectSection
EndProject
Project("{FAE04EC0-301F-11D3-BF4B-00C04F79EFBC}") = "OrderImporter", "Apps\OrderImporter\OrderImporter.csproj", "{9814734F-A96C-4F94-A7D1-FA9DEF94A7DB}"
EndProject
Project("{FAE04EC0-301F-11D3-BF4B-00C04F79EFBC}") = "APITester", "Apps\APITester\APITester.csproj", "{15197624-899D-4416-A648-FB8D73A023DD}"
EndProject
Global
	GlobalSection(SolutionConfigurationPlatforms) = preSolution
		Debug|x86 = Debug|x86
		Release|x86 = Release|x86
	EndGlobalSection
	GlobalSection(ProjectConfigurationPlatforms) = postSolution
		{287769B8-C2CD-4388-B616-BFEE1A81ABC2}.Debug|x86.ActiveCfg = Debug|Win32
		{287769B8-C2CD-4388-B616-BFEE1A81ABC2}.Debug|x86.Build.0 = Debug|Win32
		{287769B8-C2CD-4388-B616-BFEE1A81ABC2}.Release|x86.ActiveCfg = Release|Win32
		{287769B8-C2CD-4388-B616-BFEE1A81ABC2}.Release|x86.Build.0 = Release|Win32
		{FC39322E-A304-4235-AFCE-59305CE2683A}.Debug|x86.ActiveCfg = Debug|Any CPU
		{FC39322E-A304-4235-AFCE-59305CE2683A}.Debug|x86.Build.0 = Debug|Any CPU
		{FC39322E-A304-4235-AFCE-59305CE2683A}.Release|x86.ActiveCfg = Release|Any CPU
		{FC39322E-A304-4235-AFCE-59305CE2683A}.Release|x86.Build.0 = Release|Any CPU
		{FBF531E0-6FA5-40DF-8FE8-C220834C5EE9}.Debug|x86.ActiveCfg = Debug|Win32
		{FBF531E0-6FA5-40DF-8FE8-C220834C5EE9}.Debug|x86.Build.0 = Debug|Win32
		{FBF531E0-6FA5-40DF-8FE8-C220834C5EE9}.Release|x86.ActiveCfg = Release|Win32
		{FBF531E0-6FA5-40DF-8FE8-C220834C5EE9}.Release|x86.Build.0 = Release|Win32
		{5AF79845-2174-4C7B-86FD-BC819CC0875D}.Debug|x86.ActiveCfg = Debug|Any CPU
		{5AF79845-2174-4C7B-86FD-BC819CC0875D}.Debug|x86.Build.0 = Debug|Any CPU
		{5AF79845-2174-4C7B-86FD-BC819CC0875D}.Release|x86.ActiveCfg = Release|Any CPU
		{5AF79845-2174-4C7B-86FD-BC819CC0875D}.Release|x86.Build.0 = Release|Any CPU
		{3560616F-6B0E-4162-B289-B9D548BAF8BD}.Debug|x86.ActiveCfg = Debug|Win32
		{3560616F-6B0E-4162-B289-B9D548BAF8BD}.Debug|x86.Build.0 = Debug|Win32
		{3560616F-6B0E-4162-B289-B9D548BAF8BD}.Release|x86.ActiveCfg = Release|Win32
		{3560616F-6B0E-4162-B289-B9D548BAF8BD}.Release|x86.Build.0 = Release|Win32
		{B80087C8-584F-4E4F-BB16-8806EE220661}.Debug|x86.ActiveCfg = Debug|Any CPU
		{B80087C8-584F-4E4F-BB16-8806EE220661}.Debug|x86.Build.0 = Debug|Any CPU
		{B80087C8-584F-4E4F-BB16-8806EE220661}.Release|x86.ActiveCfg = Release|Any CPU
		{B80087C8-584F-4E4F-BB16-8806EE220661}.Release|x86.Build.0 = Release|Any CPU
		{64333929-2CCC-4AA8-B359-9F783CD600F3}.Debug|x86.ActiveCfg = Debug|Win32
		{64333929-2CCC-4AA8-B359-9F783CD600F3}.Debug|x86.Build.0 = Debug|Win32
		{64333929-2CCC-4AA8-B359-9F783CD600F3}.Release|x86.ActiveCfg = Release|Win32
		{64333929-2CCC-4AA8-B359-9F783CD600F3}.Release|x86.Build.0 = Release|Win32
		{0718C33B-F474-415A-BFCF-BBF00FE27696}.Debug|x86.ActiveCfg = Debug|Any CPU
		{0718C33B-F474-415A-BFCF-BBF00FE27696}.Debug|x86.Build.0 = Debug|Any CPU
		{0718C33B-F474-415A-BFCF-BBF00FE27696}.Release|x86.ActiveCfg = Release|Any CPU
		{0718C33B-F474-415A-BFCF-BBF00FE27696}.Release|x86.Build.0 = Release|Any CPU
		{DBA8B029-94F2-4FEF-A755-ADE7B3CD7797}.Debug|x86.ActiveCfg = Debug|Any CPU
		{DBA8B029-94F2-4FEF-A755-ADE7B3CD7797}.Debug|x86.Build.0 = Debug|Any CPU
		{DBA8B029-94F2-4FEF-A755-ADE7B3CD7797}.Release|x86.ActiveCfg = Release|Any CPU
		{DBA8B029-94F2-4FEF-A755-ADE7B3CD7797}.Release|x86.Build.0 = Release|Any CPU
		{9814734F-A96C-4F94-A7D1-FA9DEF94A7DB}.Debug|x86.ActiveCfg = Debug|Any CPU
		{9814734F-A96C-4F94-A7D1-FA9DEF94A7DB}.Debug|x86.Build.0 = Debug|Any CPU
		{9814734F-A96C-4F94-A7D1-FA9DEF94A7DB}.Release|x86.ActiveCfg = Release|Any CPU
		{9814734F-A96C-4F94-A7D1-FA9DEF94A7DB}.Release|x86.Build.0 = Release|Any CPU
		{07672110-0AC7-40DD-A6E5-CA1C4485D2BF}.Debug|x86.ActiveCfg = Debug|Win32
		{07672110-0AC7-40DD-A6E5-CA1C4485D2BF}.Debug|x86.Build.0 = Debug|Win32
		{07672110-0AC7-40DD-A6E5-CA1C4485D2BF}.Release|x86.ActiveCfg = Release|Win32
		{07672110-0AC7-40DD-A6E5-CA1C4485D2BF}.Release|x86.Build.0 = Release|Win32
		{339412A4-14FC-4FC8-96C6-4C8E0312C6DE}.Debug|x86.ActiveCfg = Debug|Any CPU
		{339412A4-14FC-4FC8-96C6-4C8E0312C6DE}.Debug|x86.Build.0 = Debug|Any CPU
		{339412A4-14FC-4FC8-96C6-4C8E0312C6DE}.Release|x86.ActiveCfg = Release|Any CPU
		{339412A4-14FC-4FC8-96C6-4C8E0312C6DE}.Release|x86.Build.0 = Release|Any CPU
		{AC80217C-E7AF-4551-8625-7FE9E2B89FD7}.Debug|x86.ActiveCfg = Debug|Any CPU
		{AC80217C-E7AF-4551-8625-7FE9E2B89FD7}.Debug|x86.Build.0 = Debug|Any CPU
		{AC80217C-E7AF-4551-8625-7FE9E2B89FD7}.Release|x86.ActiveCfg = Release|Any CPU
		{AC80217C-E7AF-4551-8625-7FE9E2B89FD7}.Release|x86.Build.0 = Release|Any CPU
		{2E76E82F-4E54-4000-BFAA-A698FDDDDA4C}.Debug|x86.ActiveCfg = Debug|Win32
		{2E76E82F-4E54-4000-BFAA-A698FDDDDA4C}.Debug|x86.Build.0 = Debug|Win32
		{2E76E82F-4E54-4000-BFAA-A698FDDDDA4C}.Release|x86.ActiveCfg = Release|Win32
		{2E76E82F-4E54-4000-BFAA-A698FDDDDA4C}.Release|x86.Build.0 = Release|Win32
		{15197624-899D-4416-A648-FB8D73A023DD}.Debug|x86.ActiveCfg = Debug|Any CPU
		{15197624-899D-4416-A648-FB8D73A023DD}.Debug|x86.Build.0 = Debug|Any CPU
		{15197624-899D-4416-A648-FB8D73A023DD}.Release|x86.ActiveCfg = Release|Any CPU
		{15197624-899D-4416-A648-FB8D73A023DD}.Release|x86.Build.0 = Release|Any CPU
	EndGlobalSection
	GlobalSection(SolutionProperties) = preSolution
		HideSolutionNode = FALSE
	EndGlobalSection
	GlobalSection(NestedProjects) = preSolution
		{D8F3F5C3-CCCB-4C4A-8456-874F62DDFBBC} = {2394794E-4FCA-45E8-B725-B9E4C7661397}
		{287769B8-C2CD-4388-B616-BFEE1A81ABC2} = {D8F3F5C3-CCCB-4C4A-8456-874F62DDFBBC}
		{FC39322E-A304-4235-AFCE-59305CE2683A} = {D8F3F5C3-CCCB-4C4A-8456-874F62DDFBBC}
		{FBF531E0-6FA5-40DF-8FE8-C220834C5EE9} = {D8F3F5C3-CCCB-4C4A-8456-874F62DDFBBC}
		{5AF79845-2174-4C7B-86FD-BC819CC0875D} = {D8F3F5C3-CCCB-4C4A-8456-874F62DDFBBC}
		{3560616F-6B0E-4162-B289-B9D548BAF8BD} = {D8F3F5C3-CCCB-4C4A-8456-874F62DDFBBC}
		{B80087C8-584F-4E4F-BB16-8806EE220661} = {D8F3F5C3-CCCB-4C4A-8456-874F62DDFBBC}
		{64333929-2CCC-4AA8-B359-9F783CD600F3} = {D8F3F5C3-CCCB-4C4A-8456-874F62DDFBBC}
		{0718C33B-F474-415A-BFCF-BBF00FE27696} = {D8F3F5C3-CCCB-4C4A-8456-874F62DDFBBC}
		{DBA8B029-94F2-4FEF-A755-ADE7B3CD7797} = {BA5BB9A7-E350-460E-8CE8-976BAD302C74}
		{9814734F-A96C-4F94-A7D1-FA9DEF94A7DB} = {BA5BB9A7-E350-460E-8CE8-976BAD302C74}
		{07672110-0AC7-40DD-A6E5-CA1C4485D2BF} = {3285D28C-0047-48EC-9B64-1397E244052A}
		{339412A4-14FC-4FC8-96C6-4C8E0312C6DE} = {3285D28C-0047-48EC-9B64-1397E244052A}
		{3285D28C-0047-48EC-9B64-1397E244052A} = {2394794E-4FCA-45E8-B725-B9E4C7661397}
		{AC80217C-E7AF-4551-8625-7FE9E2B89FD7} = {3285D28C-0047-48EC-9B64-1397E244052A}
		{2E76E82F-4E54-4000-BFAA-A698FDDDDA4C} = {3285D28C-0047-48EC-9B64-1397E244052A}
		{15197624-899D-4416-A648-FB8D73A023DD} = {BA5BB9A7-E350-460E-8CE8-976BAD302C74}
	EndGlobalSection
	GlobalSection(ExtensibilityGlobals) = postSolution
		SolutionGuid = {FD302C6B-971A-4670-A1E9-04F5A3A5B2DE}
	EndGlobalSection
EndGlobal
